
Microsoft Visual Studio Solution File, Format Version 12.00
# Visual Studio 15
VisualStudioVersion = 15.0.28307.757
MinimumVisualStudioVersion = 10.0.40219.1
Project("{FAE04EC0-301F-11D3-BF4B-00C04F79EFBC}") = "PzssCheck", "PzssCheck\PzssCheck.csproj", "{FA82550E-8FAB-4371-BCED-3CE036A704F4}"
EndProject
Global
	GlobalSection(SolutionConfigurationPlatforms) = preSolution
		Debug|Any CPU = Debug|Any CPU
		Release|Any CPU = Release|Any CPU
	EndGlobalSection
	GlobalSection(ProjectConfigurationPlatforms) = postSolution
		{FA82550E-8FAB-4371-BCED-3CE036A704F4}.Debug|Any CPU.ActiveCfg = Debug|Any CPU
		{FA82550E-8FAB-4371-BCED-3CE036A704F4}.Debug|Any CPU.Build.0 = Debug|Any CPU
		{FA82550E-8FAB-4371-BCED-3CE036A704F4}.Release|Any CPU.ActiveCfg = Release|Any CPU
		{FA82550E-8FAB-4371-BCED-3CE036A704F4}.Release|Any CPU.Build.0 = Release|Any CPU
	EndGlobalSection
	GlobalSection(SolutionProperties) = preSolution
		HideSolutionNode = FALSE
	EndGlobalSection
	GlobalSection(ExtensibilityGlobals) = postSolution
		SolutionGuid = {5C237E89-AA5A-4480-910B-B4BCBE35BDC1}
	EndGlobalSection
EndGlobal
